
Microsoft Visual Studio Solution File, Format Version 12.00
Project("{FAE04EC0-301F-11D3-BF4B-00C04F79EFBC}") = "cdl-pd", "cdl-pd\cdl-pd.csproj", "{A75B8402-AB03-439F-B744-987FA48FF16B}"
EndProject
Global
	GlobalSection(SolutionConfigurationPlatforms) = preSolution
		Debug|Any CPU = Debug|Any CPU
		Release|Any CPU = Release|Any CPU
	EndGlobalSection
	GlobalSection(ProjectConfigurationPlatforms) = postSolution
		{A75B8402-AB03-439F-B744-987FA48FF16B}.Debug|Any CPU.ActiveCfg = Debug|Any CPU
		{A75B8402-AB03-439F-B744-987FA48FF16B}.Debug|Any CPU.Build.0 = Debug|Any CPU
		{A75B8402-AB03-439F-B744-987FA48FF16B}.Release|Any CPU.ActiveCfg = Release|Any CPU
		{A75B8402-AB03-439F-B744-987FA48FF16B}.Release|Any CPU.Build.0 = Release|Any CPU
	EndGlobalSection
EndGlobal
